// !$*UTF8*$!
{
	archiveVersion = 1;
	classes = {
	};
	objectVersion = 46;
	objects = {

/* Begin PBXBuildFile section */
		2C569976EFCCBC62A232E635 /* Pods_Project.framework in Frameworks */ = {isa = PBXBuildFile; fileRef = 07606831C0E45A3D527B3855 /* Pods_Project.framework */; };
		306C153BA68988DE4D42D070 /* Pods_ProjectTests.framework in Frameworks */ = {isa = PBXBuildFile; fileRef = 6E047641F8B24AB1302365AC /* Pods_ProjectTests.framework */; };
		4B7277991F12A021009AC306 /* BaseViewController.swift in Sources */ = {isa = PBXBuildFile; fileRef = 4B7277981F12A021009AC306 /* BaseViewController.swift */; };
		4B72779F1F12A495009AC306 /* CategoryViewController.swift in Sources */ = {isa = PBXBuildFile; fileRef = 4B72779E1F12A495009AC306 /* CategoryViewController.swift */; };
		4B7277A11F12A79B009AC306 /* UpdateViewController.swift in Sources */ = {isa = PBXBuildFile; fileRef = 4B7277A01F12A79B009AC306 /* UpdateViewController.swift */; };
		4B9F7DDA1EEEF8FC009C13A5 /* Helper.swift in Sources */ = {isa = PBXBuildFile; fileRef = 4B9F7DD91EEEF8FC009C13A5 /* Helper.swift */; };
		4B9F7DDC1EEEF932009C13A5 /* Config.swift in Sources */ = {isa = PBXBuildFile; fileRef = 4B9F7DDB1EEEF932009C13A5 /* Config.swift */; };
		4BA6EE0D1EE87B7B0098C4DA /* AppDelegate.swift in Sources */ = {isa = PBXBuildFile; fileRef = 4BA6EE0C1EE87B7B0098C4DA /* AppDelegate.swift */; };
		4BA6EE171EE87B7B0098C4DA /* Assets.xcassets in Resources */ = {isa = PBXBuildFile; fileRef = 4BA6EE161EE87B7B0098C4DA /* Assets.xcassets */; };
		4BA6EE251EE87B7B0098C4DA /* ProjectTests.swift in Sources */ = {isa = PBXBuildFile; fileRef = 4BA6EE241EE87B7B0098C4DA /* ProjectTests.swift */; };
		4BA6EE301EE87B7B0098C4DA /* ProjectUITests.swift in Sources */ = {isa = PBXBuildFile; fileRef = 4BA6EE2F1EE87B7B0098C4DA /* ProjectUITests.swift */; };
		4BA6EE831EE87D730098C4DA /* Project.xcdatamodeld in Sources */ = {isa = PBXBuildFile; fileRef = 4BA6EE811EE87D730098C4DA /* Project.xcdatamodeld */; };
		4BA6EE871EE87D8E0098C4DA /* LaunchScreen.storyboard in Resources */ = {isa = PBXBuildFile; fileRef = 4BA6EE851EE87D8E0098C4DA /* LaunchScreen.storyboard */; };
		4BA6EE881EE87D8E0098C4DA /* Main.storyboard in Resources */ = {isa = PBXBuildFile; fileRef = 4BA6EE861EE87D8E0098C4DA /* Main.storyboard */; };
		4BDF650A1F124471003230A1 /* ApiHelper.swift in Sources */ = {isa = PBXBuildFile; fileRef = 4BDF65091F124471003230A1 /* ApiHelper.swift */; };
		4BDF650C1F124531003230A1 /* ApiHelper+Define.swift in Sources */ = {isa = PBXBuildFile; fileRef = 4BDF650B1F124531003230A1 /* ApiHelper+Define.swift */; };
		4BDF650E1F124559003230A1 /* Api.plist in Resources */ = {isa = PBXBuildFile; fileRef = 4BDF650D1F124559003230A1 /* Api.plist */; };
		D6E23533625F01DF2362EDA5 /* Pods_ProjectUITests.framework in Frameworks */ = {isa = PBXBuildFile; fileRef = 035D8FECAAA5489CFB508348 /* Pods_ProjectUITests.framework */; };
/* End PBXBuildFile section */

/* Begin PBXContainerItemProxy section */
		4BA6EE211EE87B7B0098C4DA /* PBXContainerItemProxy */ = {
			isa = PBXContainerItemProxy;
			containerPortal = 4BA6EE011EE87B7B0098C4DA /* Project object */;
			proxyType = 1;
			remoteGlobalIDString = 4BA6EE081EE87B7B0098C4DA;
			remoteInfo = Project;
		};
		4BA6EE2C1EE87B7B0098C4DA /* PBXContainerItemProxy */ = {
			isa = PBXContainerItemProxy;
			containerPortal = 4BA6EE011EE87B7B0098C4DA /* Project object */;
			proxyType = 1;
			remoteGlobalIDString = 4BA6EE081EE87B7B0098C4DA;
			remoteInfo = Project;
		};
/* End PBXContainerItemProxy section */

/* Begin PBXFileReference section */
		035D8FECAAA5489CFB508348 /* Pods_ProjectUITests.framework */ = {isa = PBXFileReference; explicitFileType = wrapper.framework; includeInIndex = 0; path = Pods_ProjectUITests.framework; sourceTree = BUILT_PRODUCTS_DIR; };
		045576E0DC50DBB749868C98 /* Pods-Project.release.xcconfig */ = {isa = PBXFileReference; includeInIndex = 1; lastKnownFileType = text.xcconfig; name = "Pods-Project.release.xcconfig"; path = "Pods/Target Support Files/Pods-Project/Pods-Project.release.xcconfig"; sourceTree = "<group>"; };
		07606831C0E45A3D527B3855 /* Pods_Project.framework */ = {isa = PBXFileReference; explicitFileType = wrapper.framework; includeInIndex = 0; path = Pods_Project.framework; sourceTree = BUILT_PRODUCTS_DIR; };
		1009943C883916D85DE4D806 /* Pods-ProjectTests.debug.xcconfig */ = {isa = PBXFileReference; includeInIndex = 1; lastKnownFileType = text.xcconfig; name = "Pods-ProjectTests.debug.xcconfig"; path = "Pods/Target Support Files/Pods-ProjectTests/Pods-ProjectTests.debug.xcconfig"; sourceTree = "<group>"; };
		4B7277981F12A021009AC306 /* BaseViewController.swift */ = {isa = PBXFileReference; fileEncoding = 4; lastKnownFileType = sourcecode.swift; path = BaseViewController.swift; sourceTree = "<group>"; };
		4B72779E1F12A495009AC306 /* CategoryViewController.swift */ = {isa = PBXFileReference; fileEncoding = 4; lastKnownFileType = sourcecode.swift; path = CategoryViewController.swift; sourceTree = "<group>"; };
		4B7277A01F12A79B009AC306 /* UpdateViewController.swift */ = {isa = PBXFileReference; fileEncoding = 4; lastKnownFileType = sourcecode.swift; path = UpdateViewController.swift; sourceTree = "<group>"; };
		4B9F7DD91EEEF8FC009C13A5 /* Helper.swift */ = {isa = PBXFileReference; fileEncoding = 4; lastKnownFileType = sourcecode.swift; path = Helper.swift; sourceTree = "<group>"; };
		4B9F7DDB1EEEF932009C13A5 /* Config.swift */ = {isa = PBXFileReference; fileEncoding = 4; lastKnownFileType = sourcecode.swift; path = Config.swift; sourceTree = "<group>"; };
		4BA6EE091EE87B7B0098C4DA /* Project.app */ = {isa = PBXFileReference; explicitFileType = wrapper.application; includeInIndex = 0; path = Project.app; sourceTree = BUILT_PRODUCTS_DIR; };
		4BA6EE0C1EE87B7B0098C4DA /* AppDelegate.swift */ = {isa = PBXFileReference; lastKnownFileType = sourcecode.swift; path = AppDelegate.swift; sourceTree = "<group>"; };
		4BA6EE161EE87B7B0098C4DA /* Assets.xcassets */ = {isa = PBXFileReference; lastKnownFileType = folder.assetcatalog; path = Assets.xcassets; sourceTree = "<group>"; };
		4BA6EE1B1EE87B7B0098C4DA /* Info.plist */ = {isa = PBXFileReference; lastKnownFileType = text.plist.xml; path = Info.plist; sourceTree = "<group>"; };
		4BA6EE201EE87B7B0098C4DA /* ProjectTests.xctest */ = {isa = PBXFileReference; explicitFileType = wrapper.cfbundle; includeInIndex = 0; path = ProjectTests.xctest; sourceTree = BUILT_PRODUCTS_DIR; };
		4BA6EE241EE87B7B0098C4DA /* ProjectTests.swift */ = {isa = PBXFileReference; lastKnownFileType = sourcecode.swift; path = ProjectTests.swift; sourceTree = "<group>"; };
		4BA6EE261EE87B7B0098C4DA /* Info.plist */ = {isa = PBXFileReference; lastKnownFileType = text.plist.xml; path = Info.plist; sourceTree = "<group>"; };
		4BA6EE2B1EE87B7B0098C4DA /* ProjectUITests.xctest */ = {isa = PBXFileReference; explicitFileType = wrapper.cfbundle; includeInIndex = 0; path = ProjectUITests.xctest; sourceTree = BUILT_PRODUCTS_DIR; };
		4BA6EE2F1EE87B7B0098C4DA /* ProjectUITests.swift */ = {isa = PBXFileReference; lastKnownFileType = sourcecode.swift; path = ProjectUITests.swift; sourceTree = "<group>"; };
		4BA6EE311EE87B7B0098C4DA /* Info.plist */ = {isa = PBXFileReference; lastKnownFileType = text.plist.xml; path = Info.plist; sourceTree = "<group>"; };
		4BA6EE821EE87D730098C4DA /* Project.xcdatamodel */ = {isa = PBXFileReference; lastKnownFileType = wrapper.xcdatamodel; path = Project.xcdatamodel; sourceTree = "<group>"; };
		4BA6EE851EE87D8E0098C4DA /* LaunchScreen.storyboard */ = {isa = PBXFileReference; fileEncoding = 4; lastKnownFileType = file.storyboard; path = LaunchScreen.storyboard; sourceTree = "<group>"; };
		4BA6EE861EE87D8E0098C4DA /* Main.storyboard */ = {isa = PBXFileReference; fileEncoding = 4; lastKnownFileType = file.storyboard; path = Main.storyboard; sourceTree = "<group>"; };
		4BDF65091F124471003230A1 /* ApiHelper.swift */ = {isa = PBXFileReference; fileEncoding = 4; lastKnownFileType = sourcecode.swift; path = ApiHelper.swift; sourceTree = "<group>"; };
		4BDF650B1F124531003230A1 /* ApiHelper+Define.swift */ = {isa = PBXFileReference; fileEncoding = 4; lastKnownFileType = sourcecode.swift; path = "ApiHelper+Define.swift"; sourceTree = "<group>"; };
		4BDF650D1F124559003230A1 /* Api.plist */ = {isa = PBXFileReference; fileEncoding = 4; lastKnownFileType = text.plist.xml; path = Api.plist; sourceTree = "<group>"; };
		4CFCA356A8701324A1BD2778 /* Pods-Project.debug.xcconfig */ = {isa = PBXFileReference; includeInIndex = 1; lastKnownFileType = text.xcconfig; name = "Pods-Project.debug.xcconfig"; path = "Pods/Target Support Files/Pods-Project/Pods-Project.debug.xcconfig"; sourceTree = "<group>"; };
		6E047641F8B24AB1302365AC /* Pods_ProjectTests.framework */ = {isa = PBXFileReference; explicitFileType = wrapper.framework; includeInIndex = 0; path = Pods_ProjectTests.framework; sourceTree = BUILT_PRODUCTS_DIR; };
		92D5C8498458D10B2B69F617 /* Pods-ProjectUITests.release.xcconfig */ = {isa = PBXFileReference; includeInIndex = 1; lastKnownFileType = text.xcconfig; name = "Pods-ProjectUITests.release.xcconfig"; path = "Pods/Target Support Files/Pods-ProjectUITests/Pods-ProjectUITests.release.xcconfig"; sourceTree = "<group>"; };
		C49E5005AA6843CDAB546CB9 /* Pods-ProjectUITests.debug.xcconfig */ = {isa = PBXFileReference; includeInIndex = 1; lastKnownFileType = text.xcconfig; name = "Pods-ProjectUITests.debug.xcconfig"; path = "Pods/Target Support Files/Pods-ProjectUITests/Pods-ProjectUITests.debug.xcconfig"; sourceTree = "<group>"; };
		F47306F707096B4FD4E0D02A /* Pods-ProjectTests.release.xcconfig */ = {isa = PBXFileReference; includeInIndex = 1; lastKnownFileType = text.xcconfig; name = "Pods-ProjectTests.release.xcconfig"; path = "Pods/Target Support Files/Pods-ProjectTests/Pods-ProjectTests.release.xcconfig"; sourceTree = "<group>"; };
/* End PBXFileReference section */

/* Begin PBXFrameworksBuildPhase section */
		4BA6EE061EE87B7B0098C4DA /* Frameworks */ = {
			isa = PBXFrameworksBuildPhase;
			buildActionMask = 2147483647;
			files = (
				2C569976EFCCBC62A232E635 /* Pods_Project.framework in Frameworks */,
			);
			runOnlyForDeploymentPostprocessing = 0;
		};
		4BA6EE1D1EE87B7B0098C4DA /* Frameworks */ = {
			isa = PBXFrameworksBuildPhase;
			buildActionMask = 2147483647;
			files = (
				306C153BA68988DE4D42D070 /* Pods_ProjectTests.framework in Frameworks */,
			);
			runOnlyForDeploymentPostprocessing = 0;
		};
		4BA6EE281EE87B7B0098C4DA /* Frameworks */ = {
			isa = PBXFrameworksBuildPhase;
			buildActionMask = 2147483647;
			files = (
				D6E23533625F01DF2362EDA5 /* Pods_ProjectUITests.framework in Frameworks */,
			);
			runOnlyForDeploymentPostprocessing = 0;
		};
/* End PBXFrameworksBuildPhase section */

/* Begin PBXGroup section */
		4BA6EE001EE87B7B0098C4DA = {
			isa = PBXGroup;
			children = (
				4BA6EE0B1EE87B7B0098C4DA /* Project */,
				4BA6EE231EE87B7B0098C4DA /* ProjectTests */,
				4BA6EE2E1EE87B7B0098C4DA /* ProjectUITests */,
				4BA6EE0A1EE87B7B0098C4DA /* Products */,
				6431665D916F6E2DCEE79C1B /* Pods */,
				920237108FBAB5FC7ADD6D79 /* Frameworks */,
			);
			sourceTree = "<group>";
		};
		4BA6EE0A1EE87B7B0098C4DA /* Products */ = {
			isa = PBXGroup;
			children = (
				4BA6EE091EE87B7B0098C4DA /* Project.app */,
				4BA6EE201EE87B7B0098C4DA /* ProjectTests.xctest */,
				4BA6EE2B1EE87B7B0098C4DA /* ProjectUITests.xctest */,
			);
			name = Products;
			sourceTree = "<group>";
		};
		4BA6EE0B1EE87B7B0098C4DA /* Project */ = {
			isa = PBXGroup;
			children = (
				4BA6EE0C1EE87B7B0098C4DA /* AppDelegate.swift */,
				4BA6EE1B1EE87B7B0098C4DA /* Info.plist */,
				4BA6EE161EE87B7B0098C4DA /* Assets.xcassets */,
				4BA6EE7F1EE87D660098C4DA /* Helper */,
				4BA6EE801EE87D730098C4DA /* Model */,
				4BA6EE841EE87D8E0098C4DA /* View */,
				4BA6EE7C1EE87D510098C4DA /* Controller */,
			);
			path = Project;
			sourceTree = "<group>";
		};
		4BA6EE231EE87B7B0098C4DA /* ProjectTests */ = {
			isa = PBXGroup;
			children = (
				4BA6EE241EE87B7B0098C4DA /* ProjectTests.swift */,
				4BA6EE261EE87B7B0098C4DA /* Info.plist */,
			);
			path = ProjectTests;
			sourceTree = "<group>";
		};
		4BA6EE2E1EE87B7B0098C4DA /* ProjectUITests */ = {
			isa = PBXGroup;
			children = (
				4BA6EE2F1EE87B7B0098C4DA /* ProjectUITests.swift */,
				4BA6EE311EE87B7B0098C4DA /* Info.plist */,
			);
			path = ProjectUITests;
			sourceTree = "<group>";
		};
		4BA6EE7C1EE87D510098C4DA /* Controller */ = {
			isa = PBXGroup;
			children = (
				4B7277981F12A021009AC306 /* BaseViewController.swift */,
				4B72779E1F12A495009AC306 /* CategoryViewController.swift */,
				4B7277A01F12A79B009AC306 /* UpdateViewController.swift */,
			);
			path = Controller;
			sourceTree = "<group>";
		};
		4BA6EE7F1EE87D660098C4DA /* Helper */ = {
			isa = PBXGroup;
			children = (
				4BDF65041F12437D003230A1 /* ApiHelper */,
				4B9F7DDB1EEEF932009C13A5 /* Config.swift */,
				4B9F7DD91EEEF8FC009C13A5 /* Helper.swift */,
			);
			path = Helper;
			sourceTree = "<group>";
		};
		4BA6EE801EE87D730098C4DA /* Model */ = {
			isa = PBXGroup;
			children = (
				4BA6EE811EE87D730098C4DA /* Project.xcdatamodeld */,
			);
			path = Model;
			sourceTree = "<group>";
		};
		4BA6EE841EE87D8E0098C4DA /* View */ = {
			isa = PBXGroup;
			children = (
				4BA6EE851EE87D8E0098C4DA /* LaunchScreen.storyboard */,
				4BA6EE861EE87D8E0098C4DA /* Main.storyboard */,
			);
			path = View;
			sourceTree = "<group>";
		};
		4BDF65041F12437D003230A1 /* ApiHelper */ = {
			isa = PBXGroup;
			children = (
				4BDF65091F124471003230A1 /* ApiHelper.swift */,
				4BDF650B1F124531003230A1 /* ApiHelper+Define.swift */,
				4BDF650D1F124559003230A1 /* Api.plist */,
			);
			path = ApiHelper;
			sourceTree = "<group>";
		};
		6431665D916F6E2DCEE79C1B /* Pods */ = {
			isa = PBXGroup;
			children = (
				4CFCA356A8701324A1BD2778 /* Pods-Project.debug.xcconfig */,
				045576E0DC50DBB749868C98 /* Pods-Project.release.xcconfig */,
				1009943C883916D85DE4D806 /* Pods-ProjectTests.debug.xcconfig */,
				F47306F707096B4FD4E0D02A /* Pods-ProjectTests.release.xcconfig */,
				C49E5005AA6843CDAB546CB9 /* Pods-ProjectUITests.debug.xcconfig */,
				92D5C8498458D10B2B69F617 /* Pods-ProjectUITests.release.xcconfig */,
			);
			name = Pods;
			sourceTree = "<group>";
		};
		920237108FBAB5FC7ADD6D79 /* Frameworks */ = {
			isa = PBXGroup;
			children = (
				07606831C0E45A3D527B3855 /* Pods_Project.framework */,
				6E047641F8B24AB1302365AC /* Pods_ProjectTests.framework */,
				035D8FECAAA5489CFB508348 /* Pods_ProjectUITests.framework */,
			);
			name = Frameworks;
			sourceTree = "<group>";
		};
/* End PBXGroup section */

/* Begin PBXNativeTarget section */
		4BA6EE081EE87B7B0098C4DA /* Project */ = {
			isa = PBXNativeTarget;
			buildConfigurationList = 4BA6EE341EE87B7B0098C4DA /* Build configuration list for PBXNativeTarget "Project" */;
			buildPhases = (
				6D7AA5B64D450DCC6351DA1C /* [CP] Check Pods Manifest.lock */,
				4BA6EE051EE87B7B0098C4DA /* Sources */,
				4BA6EE061EE87B7B0098C4DA /* Frameworks */,
				4BA6EE071EE87B7B0098C4DA /* Resources */,
				4FD2103C3723A7F7250F7C80 /* [CP] Embed Pods Frameworks */,
				A952F651E2CFA6C71A4379E1 /* [CP] Copy Pods Resources */,
			);
			buildRules = (
			);
			dependencies = (
			);
			name = Project;
			productName = Project;
			productReference = 4BA6EE091EE87B7B0098C4DA /* Project.app */;
			productType = "com.apple.product-type.application";
		};
		4BA6EE1F1EE87B7B0098C4DA /* ProjectTests */ = {
			isa = PBXNativeTarget;
			buildConfigurationList = 4BA6EE371EE87B7B0098C4DA /* Build configuration list for PBXNativeTarget "ProjectTests" */;
			buildPhases = (
				C9FE43C32F733A0A951A3917 /* [CP] Check Pods Manifest.lock */,
				4BA6EE1C1EE87B7B0098C4DA /* Sources */,
				4BA6EE1D1EE87B7B0098C4DA /* Frameworks */,
				4BA6EE1E1EE87B7B0098C4DA /* Resources */,
				22355CC82E5E8F3F538197F5 /* [CP] Embed Pods Frameworks */,
				571218BE41C77C498596835F /* [CP] Copy Pods Resources */,
			);
			buildRules = (
			);
			dependencies = (
				4BA6EE221EE87B7B0098C4DA /* PBXTargetDependency */,
			);
			name = ProjectTests;
			productName = ProjectTests;
			productReference = 4BA6EE201EE87B7B0098C4DA /* ProjectTests.xctest */;
			productType = "com.apple.product-type.bundle.unit-test";
		};
		4BA6EE2A1EE87B7B0098C4DA /* ProjectUITests */ = {
			isa = PBXNativeTarget;
			buildConfigurationList = 4BA6EE3A1EE87B7B0098C4DA /* Build configuration list for PBXNativeTarget "ProjectUITests" */;
			buildPhases = (
				37860EF2D116275CEFD40838 /* [CP] Check Pods Manifest.lock */,
				4BA6EE271EE87B7B0098C4DA /* Sources */,
				4BA6EE281EE87B7B0098C4DA /* Frameworks */,
				4BA6EE291EE87B7B0098C4DA /* Resources */,
				70C9082C8F834928DABAA60B /* [CP] Embed Pods Frameworks */,
				94E57D3B76A137DBF81EB001 /* [CP] Copy Pods Resources */,
			);
			buildRules = (
			);
			dependencies = (
				4BA6EE2D1EE87B7B0098C4DA /* PBXTargetDependency */,
			);
			name = ProjectUITests;
			productName = ProjectUITests;
			productReference = 4BA6EE2B1EE87B7B0098C4DA /* ProjectUITests.xctest */;
			productType = "com.apple.product-type.bundle.ui-testing";
		};
/* End PBXNativeTarget section */

/* Begin PBXProject section */
		4BA6EE011EE87B7B0098C4DA /* Project object */ = {
			isa = PBXProject;
			attributes = {
				LastSwiftUpdateCheck = 0830;
				LastUpgradeCheck = 0830;
				ORGANIZATIONNAME = "Kevin iShuHui";
				TargetAttributes = {
					4BA6EE081EE87B7B0098C4DA = {
						CreatedOnToolsVersion = 8.3.2;
						ProvisioningStyle = Automatic;
					};
					4BA6EE1F1EE87B7B0098C4DA = {
						CreatedOnToolsVersion = 8.3.2;
						ProvisioningStyle = Automatic;
						TestTargetID = 4BA6EE081EE87B7B0098C4DA;
					};
					4BA6EE2A1EE87B7B0098C4DA = {
						CreatedOnToolsVersion = 8.3.2;
						ProvisioningStyle = Automatic;
						TestTargetID = 4BA6EE081EE87B7B0098C4DA;
					};
				};
			};
			buildConfigurationList = 4BA6EE041EE87B7B0098C4DA /* Build configuration list for PBXProject "Project" */;
			compatibilityVersion = "Xcode 3.2";
			developmentRegion = English;
			hasScannedForEncodings = 0;
			knownRegions = (
				en,
				Base,
			);
			mainGroup = 4BA6EE001EE87B7B0098C4DA;
			productRefGroup = 4BA6EE0A1EE87B7B0098C4DA /* Products */;
			projectDirPath = "";
			projectRoot = "";
			targets = (
				4BA6EE081EE87B7B0098C4DA /* Project */,
				4BA6EE1F1EE87B7B0098C4DA /* ProjectTests */,
				4BA6EE2A1EE87B7B0098C4DA /* ProjectUITests */,
			);
		};
/* End PBXProject section */

/* Begin PBXResourcesBuildPhase section */
		4BA6EE071EE87B7B0098C4DA /* Resources */ = {
			isa = PBXResourcesBuildPhase;
			buildActionMask = 2147483647;
			files = (
				4BA6EE881EE87D8E0098C4DA /* Main.storyboard in Resources */,
				4BDF650E1F124559003230A1 /* Api.plist in Resources */,
				4BA6EE871EE87D8E0098C4DA /* LaunchScreen.storyboard in Resources */,
				4BA6EE171EE87B7B0098C4DA /* Assets.xcassets in Resources */,
			);
			runOnlyForDeploymentPostprocessing = 0;
		};
		4BA6EE1E1EE87B7B0098C4DA /* Resources */ = {
			isa = PBXResourcesBuildPhase;
			buildActionMask = 2147483647;
			files = (
			);
			runOnlyForDeploymentPostprocessing = 0;
		};
		4BA6EE291EE87B7B0098C4DA /* Resources */ = {
			isa = PBXResourcesBuildPhase;
			buildActionMask = 2147483647;
			files = (
			);
			runOnlyForDeploymentPostprocessing = 0;
		};
/* End PBXResourcesBuildPhase section */

/* Begin PBXShellScriptBuildPhase section */
		22355CC82E5E8F3F538197F5 /* [CP] Embed Pods Frameworks */ = {
			isa = PBXShellScriptBuildPhase;
			buildActionMask = 2147483647;
			files = (
			);
			inputPaths = (
			);
			name = "[CP] Embed Pods Frameworks";
			outputPaths = (
			);
			runOnlyForDeploymentPostprocessing = 0;
			shellPath = /bin/sh;
			shellScript = "\"${SRCROOT}/Pods/Target Support Files/Pods-ProjectTests/Pods-ProjectTests-frameworks.sh\"\n";
			showEnvVarsInLog = 0;
		};
		37860EF2D116275CEFD40838 /* [CP] Check Pods Manifest.lock */ = {
			isa = PBXShellScriptBuildPhase;
			buildActionMask = 2147483647;
			files = (
			);
			inputPaths = (
			);
			name = "[CP] Check Pods Manifest.lock";
			outputPaths = (
			);
			runOnlyForDeploymentPostprocessing = 0;
			shellPath = /bin/sh;
			shellScript = "diff \"${PODS_ROOT}/../Podfile.lock\" \"${PODS_ROOT}/Manifest.lock\" > /dev/null\nif [ $? != 0 ] ; then\n    # print error to STDERR\n    echo \"error: The sandbox is not in sync with the Podfile.lock. Run 'pod install' or update your CocoaPods installation.\" >&2\n    exit 1\nfi\n";
			showEnvVarsInLog = 0;
		};
		4FD2103C3723A7F7250F7C80 /* [CP] Embed Pods Frameworks */ = {
			isa = PBXShellScriptBuildPhase;
			buildActionMask = 2147483647;
			files = (
			);
			inputPaths = (
			);
			name = "[CP] Embed Pods Frameworks";
			outputPaths = (
			);
			runOnlyForDeploymentPostprocessing = 0;
			shellPath = /bin/sh;
			shellScript = "\"${SRCROOT}/Pods/Target Support Files/Pods-Project/Pods-Project-frameworks.sh\"\n";
			showEnvVarsInLog = 0;
		};
		571218BE41C77C498596835F /* [CP] Copy Pods Resources */ = {
			isa = PBXShellScriptBuildPhase;
			buildActionMask = 2147483647;
			files = (
			);
			inputPaths = (
			);
			name = "[CP] Copy Pods Resources";
			outputPaths = (
			);
			runOnlyForDeploymentPostprocessing = 0;
			shellPath = /bin/sh;
			shellScript = "\"${SRCROOT}/Pods/Target Support Files/Pods-ProjectTests/Pods-ProjectTests-resources.sh\"\n";
			showEnvVarsInLog = 0;
		};
		6D7AA5B64D450DCC6351DA1C /* [CP] Check Pods Manifest.lock */ = {
			isa = PBXShellScriptBuildPhase;
			buildActionMask = 2147483647;
			files = (
			);
			inputPaths = (
			);
			name = "[CP] Check Pods Manifest.lock";
			outputPaths = (
			);
			runOnlyForDeploymentPostprocessing = 0;
			shellPath = /bin/sh;
			shellScript = "diff \"${PODS_ROOT}/../Podfile.lock\" \"${PODS_ROOT}/Manifest.lock\" > /dev/null\nif [ $? != 0 ] ; then\n    # print error to STDERR\n    echo \"error: The sandbox is not in sync with the Podfile.lock. Run 'pod install' or update your CocoaPods installation.\" >&2\n    exit 1\nfi\n";
			showEnvVarsInLog = 0;
		};
		70C9082C8F834928DABAA60B /* [CP] Embed Pods Frameworks */ = {
			isa = PBXShellScriptBuildPhase;
			buildActionMask = 2147483647;
			files = (
			);
			inputPaths = (
			);
			name = "[CP] Embed Pods Frameworks";
			outputPaths = (
			);
			runOnlyForDeploymentPostprocessing = 0;
			shellPath = /bin/sh;
			shellScript = "\"${SRCROOT}/Pods/Target Support Files/Pods-ProjectUITests/Pods-ProjectUITests-frameworks.sh\"\n";
			showEnvVarsInLog = 0;
		};
		94E57D3B76A137DBF81EB001 /* [CP] Copy Pods Resources */ = {
			isa = PBXShellScriptBuildPhase;
			buildActionMask = 2147483647;
			files = (
			);
			inputPaths = (
			);
			name = "[CP] Copy Pods Resources";
			outputPaths = (
			);
			runOnlyForDeploymentPostprocessing = 0;
			shellPath = /bin/sh;
			shellScript = "\"${SRCROOT}/Pods/Target Support Files/Pods-ProjectUITests/Pods-ProjectUITests-resources.sh\"\n";
			showEnvVarsInLog = 0;
		};
		A952F651E2CFA6C71A4379E1 /* [CP] Copy Pods Resources */ = {
			isa = PBXShellScriptBuildPhase;
			buildActionMask = 2147483647;
			files = (
			);
			inputPaths = (
			);
			name = "[CP] Copy Pods Resources";
			outputPaths = (
			);
			runOnlyForDeploymentPostprocessing = 0;
			shellPath = /bin/sh;
			shellScript = "\"${SRCROOT}/Pods/Target Support Files/Pods-Project/Pods-Project-resources.sh\"\n";
			showEnvVarsInLog = 0;
		};
		C9FE43C32F733A0A951A3917 /* [CP] Check Pods Manifest.lock */ = {
			isa = PBXShellScriptBuildPhase;
			buildActionMask = 2147483647;
			files = (
			);
			inputPaths = (
			);
			name = "[CP] Check Pods Manifest.lock";
			outputPaths = (
			);
			runOnlyForDeploymentPostprocessing = 0;
			shellPath = /bin/sh;
			shellScript = "diff \"${PODS_ROOT}/../Podfile.lock\" \"${PODS_ROOT}/Manifest.lock\" > /dev/null\nif [ $? != 0 ] ; then\n    # print error to STDERR\n    echo \"error: The sandbox is not in sync with the Podfile.lock. Run 'pod install' or update your CocoaPods installation.\" >&2\n    exit 1\nfi\n";
			showEnvVarsInLog = 0;
		};
/* End PBXShellScriptBuildPhase section */

/* Begin PBXSourcesBuildPhase section */
		4BA6EE051EE87B7B0098C4DA /* Sources */ = {
			isa = PBXSourcesBuildPhase;
			buildActionMask = 2147483647;
			files = (
				4BDF650A1F124471003230A1 /* ApiHelper.swift in Sources */,
				4BA6EE0D1EE87B7B0098C4DA /* AppDelegate.swift in Sources */,
				4B9F7DDC1EEEF932009C13A5 /* Config.swift in Sources */,
				4BA6EE831EE87D730098C4DA /* Project.xcdatamodeld in Sources */,
				4B7277991F12A021009AC306 /* BaseViewController.swift in Sources */,
				4B9F7DDA1EEEF8FC009C13A5 /* Helper.swift in Sources */,
				4B72779F1F12A495009AC306 /* CategoryViewController.swift in Sources */,
				4BDF650C1F124531003230A1 /* ApiHelper+Define.swift in Sources */,
				4B7277A11F12A79B009AC306 /* UpdateViewController.swift in Sources */,
			);
			runOnlyForDeploymentPostprocessing = 0;
		};
		4BA6EE1C1EE87B7B0098C4DA /* Sources */ = {
			isa = PBXSourcesBuildPhase;
			buildActionMask = 2147483647;
			files = (
				4BA6EE251EE87B7B0098C4DA /* ProjectTests.swift in Sources */,
			);
			runOnlyForDeploymentPostprocessing = 0;
		};
		4BA6EE271EE87B7B0098C4DA /* Sources */ = {
			isa = PBXSourcesBuildPhase;
			buildActionMask = 2147483647;
			files = (
				4BA6EE301EE87B7B0098C4DA /* ProjectUITests.swift in Sources */,
			);
			runOnlyForDeploymentPostprocessing = 0;
		};
/* End PBXSourcesBuildPhase section */

/* Begin PBXTargetDependency section */
		4BA6EE221EE87B7B0098C4DA /* PBXTargetDependency */ = {
			isa = PBXTargetDependency;
			target = 4BA6EE081EE87B7B0098C4DA /* Project */;
			targetProxy = 4BA6EE211EE87B7B0098C4DA /* PBXContainerItemProxy */;
		};
		4BA6EE2D1EE87B7B0098C4DA /* PBXTargetDependency */ = {
			isa = PBXTargetDependency;
			target = 4BA6EE081EE87B7B0098C4DA /* Project */;
			targetProxy = 4BA6EE2C1EE87B7B0098C4DA /* PBXContainerItemProxy */;
		};
/* End PBXTargetDependency section */

/* Begin XCBuildConfiguration section */
		4BA6EE321EE87B7B0098C4DA /* Debug */ = {
			isa = XCBuildConfiguration;
			buildSettings = {
				ALWAYS_SEARCH_USER_PATHS = NO;
				CLANG_ANALYZER_NONNULL = YES;
				CLANG_ANALYZER_NUMBER_OBJECT_CONVERSION = YES_AGGRESSIVE;
				CLANG_CXX_LANGUAGE_STANDARD = "gnu++0x";
				CLANG_CXX_LIBRARY = "libc++";
				CLANG_ENABLE_MODULES = YES;
				CLANG_ENABLE_OBJC_ARC = YES;
				CLANG_WARN_BOOL_CONVERSION = YES;
				CLANG_WARN_CONSTANT_CONVERSION = YES;
				CLANG_WARN_DIRECT_OBJC_ISA_USAGE = YES_ERROR;
				CLANG_WARN_DOCUMENTATION_COMMENTS = YES;
				CLANG_WARN_EMPTY_BODY = YES;
				CLANG_WARN_ENUM_CONVERSION = YES;
				CLANG_WARN_INFINITE_RECURSION = YES;
				CLANG_WARN_INT_CONVERSION = YES;
				CLANG_WARN_OBJC_ROOT_CLASS = YES_ERROR;
				CLANG_WARN_SUSPICIOUS_MOVE = YES;
				CLANG_WARN_UNREACHABLE_CODE = YES;
				CLANG_WARN__DUPLICATE_METHOD_MATCH = YES;
				"CODE_SIGN_IDENTITY[sdk=iphoneos*]" = "iPhone Developer";
				COPY_PHASE_STRIP = NO;
				DEBUG_INFORMATION_FORMAT = dwarf;
				ENABLE_STRICT_OBJC_MSGSEND = YES;
				ENABLE_TESTABILITY = YES;
				GCC_C_LANGUAGE_STANDARD = gnu99;
				GCC_DYNAMIC_NO_PIC = NO;
				GCC_NO_COMMON_BLOCKS = YES;
				GCC_OPTIMIZATION_LEVEL = 0;
				GCC_PREPROCESSOR_DEFINITIONS = (
					"DEBUG=1",
					"$(inherited)",
				);
				GCC_WARN_64_TO_32_BIT_CONVERSION = YES;
				GCC_WARN_ABOUT_RETURN_TYPE = YES_ERROR;
				GCC_WARN_UNDECLARED_SELECTOR = YES;
				GCC_WARN_UNINITIALIZED_AUTOS = YES_AGGRESSIVE;
				GCC_WARN_UNUSED_FUNCTION = YES;
				GCC_WARN_UNUSED_VARIABLE = YES;
				IPHONEOS_DEPLOYMENT_TARGET = 10.0;
				MTL_ENABLE_DEBUG_INFO = YES;
				ONLY_ACTIVE_ARCH = YES;
				SDKROOT = iphoneos;
				SWIFT_ACTIVE_COMPILATION_CONDITIONS = DEBUG;
				SWIFT_OPTIMIZATION_LEVEL = "-Onone";
				TARGETED_DEVICE_FAMILY = "1,2";
			};
			name = Debug;
		};
		4BA6EE331EE87B7B0098C4DA /* Release */ = {
			isa = XCBuildConfiguration;
			buildSettings = {
				ALWAYS_SEARCH_USER_PATHS = NO;
				CLANG_ANALYZER_NONNULL = YES;
				CLANG_ANALYZER_NUMBER_OBJECT_CONVERSION = YES_AGGRESSIVE;
				CLANG_CXX_LANGUAGE_STANDARD = "gnu++0x";
				CLANG_CXX_LIBRARY = "libc++";
				CLANG_ENABLE_MODULES = YES;
				CLANG_ENABLE_OBJC_ARC = YES;
				CLANG_WARN_BOOL_CONVERSION = YES;
				CLANG_WARN_CONSTANT_CONVERSION = YES;
				CLANG_WARN_DIRECT_OBJC_ISA_USAGE = YES_ERROR;
				CLANG_WARN_DOCUMENTATION_COMMENTS = YES;
				CLANG_WARN_EMPTY_BODY = YES;
				CLANG_WARN_ENUM_CONVERSION = YES;
				CLANG_WARN_INFINITE_RECURSION = YES;
				CLANG_WARN_INT_CONVERSION = YES;
				CLANG_WARN_OBJC_ROOT_CLASS = YES_ERROR;
				CLANG_WARN_SUSPICIOUS_MOVE = YES;
				CLANG_WARN_UNREACHABLE_CODE = YES;
				CLANG_WARN__DUPLICATE_METHOD_MATCH = YES;
				"CODE_SIGN_IDENTITY[sdk=iphoneos*]" = "iPhone Developer";
				COPY_PHASE_STRIP = NO;
				DEBUG_INFORMATION_FORMAT = "dwarf-with-dsym";
				ENABLE_NS_ASSERTIONS = NO;
				ENABLE_STRICT_OBJC_MSGSEND = YES;
				GCC_C_LANGUAGE_STANDARD = gnu99;
				GCC_NO_COMMON_BLOCKS = YES;
				GCC_WARN_64_TO_32_BIT_CONVERSION = YES;
				GCC_WARN_ABOUT_RETURN_TYPE = YES_ERROR;
				GCC_WARN_UNDECLARED_SELECTOR = YES;
				GCC_WARN_UNINITIALIZED_AUTOS = YES_AGGRESSIVE;
				GCC_WARN_UNUSED_FUNCTION = YES;
				GCC_WARN_UNUSED_VARIABLE = YES;
				IPHONEOS_DEPLOYMENT_TARGET = 10.0;
				MTL_ENABLE_DEBUG_INFO = NO;
				SDKROOT = iphoneos;
				SWIFT_OPTIMIZATION_LEVEL = "-Owholemodule";
				TARGETED_DEVICE_FAMILY = "1,2";
				VALIDATE_PRODUCT = YES;
			};
			name = Release;
		};
		4BA6EE351EE87B7B0098C4DA /* Debug */ = {
			isa = XCBuildConfiguration;
			baseConfigurationReference = 4CFCA356A8701324A1BD2778 /* Pods-Project.debug.xcconfig */;
			buildSettings = {
				ASSETCATALOG_COMPILER_APPICON_NAME = AppIcon;
				INFOPLIST_FILE = Project/Info.plist;
				LD_RUNPATH_SEARCH_PATHS = "$(inherited) @executable_path/Frameworks";
				PRODUCT_BUNDLE_IDENTIFIER = com.kevinsum.template.Project;
				PRODUCT_NAME = "$(TARGET_NAME)";
				SWIFT_VERSION = 3.0;
			};
			name = Debug;
		};
		4BA6EE361EE87B7B0098C4DA /* Release */ = {
			isa = XCBuildConfiguration;
			baseConfigurationReference = 045576E0DC50DBB749868C98 /* Pods-Project.release.xcconfig */;
			buildSettings = {
				ASSETCATALOG_COMPILER_APPICON_NAME = AppIcon;
				INFOPLIST_FILE = Project/Info.plist;
				LD_RUNPATH_SEARCH_PATHS = "$(inherited) @executable_path/Frameworks";
				PRODUCT_BUNDLE_IDENTIFIER = com.kevinsum.template.Project;
				PRODUCT_NAME = "$(TARGET_NAME)";
				SWIFT_VERSION = 3.0;
			};
			name = Release;
		};
		4BA6EE381EE87B7B0098C4DA /* Debug */ = {
			isa = XCBuildConfiguration;
			baseConfigurationReference = 1009943C883916D85DE4D806 /* Pods-ProjectTests.debug.xcconfig */;
			buildSettings = {
				ALWAYS_EMBED_SWIFT_STANDARD_LIBRARIES = "$(inherited)";
				BUNDLE_LOADER = "$(TEST_HOST)";
				INFOPLIST_FILE = ProjectTests/Info.plist;
				LD_RUNPATH_SEARCH_PATHS = "$(inherited) @executable_path/Frameworks @loader_path/Frameworks";
				PRODUCT_BUNDLE_IDENTIFIER = com.kevinsum.template.ProjectTests;
				PRODUCT_NAME = "$(TARGET_NAME)";
				SWIFT_VERSION = 3.0;
				TEST_HOST = "$(BUILT_PRODUCTS_DIR)/Project.app/Project";
			};
			name = Debug;
		};
		4BA6EE391EE87B7B0098C4DA /* Release */ = {
			isa = XCBuildConfiguration;
			baseConfigurationReference = F47306F707096B4FD4E0D02A /* Pods-ProjectTests.release.xcconfig */;
			buildSettings = {
				ALWAYS_EMBED_SWIFT_STANDARD_LIBRARIES = "$(inherited)";
				BUNDLE_LOADER = "$(TEST_HOST)";
				INFOPLIST_FILE = ProjectTests/Info.plist;
				LD_RUNPATH_SEARCH_PATHS = "$(inherited) @executable_path/Frameworks @loader_path/Frameworks";
				PRODUCT_BUNDLE_IDENTIFIER = com.kevinsum.template.ProjectTests;
				PRODUCT_NAME = "$(TARGET_NAME)";
				SWIFT_VERSION = 3.0;
				TEST_HOST = "$(BUILT_PRODUCTS_DIR)/Project.app/Project";
			};
			name = Release;
		};
		4BA6EE3B1EE87B7B0098C4DA /* Debug */ = {
			isa = XCBuildConfiguration;
			baseConfigurationReference = C49E5005AA6843CDAB546CB9 /* Pods-ProjectUITests.debug.xcconfig */;
			buildSettings = {
				ALWAYS_EMBED_SWIFT_STANDARD_LIBRARIES = "$(inherited)";
				INFOPLIST_FILE = ProjectUITests/Info.plist;
				LD_RUNPATH_SEARCH_PATHS = "$(inherited) @executable_path/Frameworks @loader_path/Frameworks";
				PRODUCT_BUNDLE_IDENTIFIER = com.kevinsum.template.ProjectUITests;
				PRODUCT_NAME = "$(TARGET_NAME)";
				SWIFT_VERSION = 3.0;
				TEST_TARGET_NAME = Project;
			};
			name = Debug;
		};
		4BA6EE3C1EE87B7B0098C4DA /* Release */ = {
			isa = XCBuildConfiguration;
			baseConfigurationReference = 92D5C8498458D10B2B69F617 /* Pods-ProjectUITests.release.xcconfig */;
			buildSettings = {
				ALWAYS_EMBED_SWIFT_STANDARD_LIBRARIES = "$(inherited)";
				INFOPLIST_FILE = ProjectUITests/Info.plist;
				LD_RUNPATH_SEARCH_PATHS = "$(inherited) @executable_path/Frameworks @loader_path/Frameworks";
				PRODUCT_BUNDLE_IDENTIFIER = com.kevinsum.template.ProjectUITests;
				PRODUCT_NAME = "$(TARGET_NAME)";
				SWIFT_VERSION = 3.0;
				TEST_TARGET_NAME = Project;
			};
			name = Release;
		};
/* End XCBuildConfiguration section */

/* Begin XCConfigurationList section */
		4BA6EE041EE87B7B0098C4DA /* Build configuration list for PBXProject "Project" */ = {
			isa = XCConfigurationList;
			buildConfigurations = (
				4BA6EE321EE87B7B0098C4DA /* Debug */,
				4BA6EE331EE87B7B0098C4DA /* Release */,
			);
			defaultConfigurationIsVisible = 0;
			defaultConfigurationName = Release;
		};
		4BA6EE341EE87B7B0098C4DA /* Build configuration list for PBXNativeTarget "Project" */ = {
			isa = XCConfigurationList;
			buildConfigurations = (
				4BA6EE351EE87B7B0098C4DA /* Debug */,
				4BA6EE361EE87B7B0098C4DA /* Release */,
			);
			defaultConfigurationIsVisible = 0;
			defaultConfigurationName = Release;
		};
		4BA6EE371EE87B7B0098C4DA /* Build configuration list for PBXNativeTarget "ProjectTests" */ = {
			isa = XCConfigurationList;
			buildConfigurations = (
				4BA6EE381EE87B7B0098C4DA /* Debug */,
				4BA6EE391EE87B7B0098C4DA /* Release */,
			);
			defaultConfigurationIsVisible = 0;
			defaultConfigurationName = Release;
		};
		4BA6EE3A1EE87B7B0098C4DA /* Build configuration list for PBXNativeTarget "ProjectUITests" */ = {
			isa = XCConfigurationList;
			buildConfigurations = (
				4BA6EE3B1EE87B7B0098C4DA /* Debug */,
				4BA6EE3C1EE87B7B0098C4DA /* Release */,
			);
			defaultConfigurationIsVisible = 0;
			defaultConfigurationName = Release;
		};
/* End XCConfigurationList section */

/* Begin XCVersionGroup section */
		4BA6EE811EE87D730098C4DA /* Project.xcdatamodeld */ = {
			isa = XCVersionGroup;
			children = (
				4BA6EE821EE87D730098C4DA /* Project.xcdatamodel */,
			);
			currentVersion = 4BA6EE821EE87D730098C4DA /* Project.xcdatamodel */;
			path = Project.xcdatamodeld;
			sourceTree = "<group>";
			versionGroupType = wrapper.xcdatamodel;
		};
/* End XCVersionGroup section */
	};
	rootObject = 4BA6EE011EE87B7B0098C4DA /* Project object */;
}
